// !$*UTF8*$!
{
	archiveVersion = 1;
	classes = {
	};
	objectVersion = 46;
	objects = {

/* Begin PBXBuildFile section */
		7A61DAFD1BFBBBBE00EE9B2A /* AppDelegate.swift in Sources */ = {isa = PBXBuildFile; fileRef = 7A61DAFC1BFBBBBE00EE9B2A /* AppDelegate.swift */; };
		7A61DAFF1BFBBBBE00EE9B2A /* ViewController.swift in Sources */ = {isa = PBXBuildFile; fileRef = 7A61DAFE1BFBBBBE00EE9B2A /* ViewController.swift */; };
		7A61DB021BFBBBBE00EE9B2A /* Main.storyboard in Resources */ = {isa = PBXBuildFile; fileRef = 7A61DB001BFBBBBE00EE9B2A /* Main.storyboard */; };
		7A61DB041BFBBBBE00EE9B2A /* Assets.xcassets in Resources */ = {isa = PBXBuildFile; fileRef = 7A61DB031BFBBBBE00EE9B2A /* Assets.xcassets */; };
		7A61DB071BFBBBBE00EE9B2A /* LaunchScreen.storyboard in Resources */ = {isa = PBXBuildFile; fileRef = 7A61DB051BFBBBBE00EE9B2A /* LaunchScreen.storyboard */; };
		7A61DB121BFBBBBE00EE9B2A /* PruebaGitTests.swift in Sources */ = {isa = PBXBuildFile; fileRef = 7A61DB111BFBBBBE00EE9B2A /* PruebaGitTests.swift */; };
		7A61DB1D1BFBBBBE00EE9B2A /* PruebaGitUITests.swift in Sources */ = {isa = PBXBuildFile; fileRef = 7A61DB1C1BFBBBBE00EE9B2A /* PruebaGitUITests.swift */; };
/* End PBXBuildFile section */

/* Begin PBXContainerItemProxy section */
		7A61DB0E1BFBBBBE00EE9B2A /* PBXContainerItemProxy */ = {
			isa = PBXContainerItemProxy;
			containerPortal = 7A61DAF11BFBBBBD00EE9B2A /* Project object */;
			proxyType = 1;
			remoteGlobalIDString = 7A61DAF81BFBBBBD00EE9B2A;
			remoteInfo = PruebaGit;
		};
		7A61DB191BFBBBBE00EE9B2A /* PBXContainerItemProxy */ = {
			isa = PBXContainerItemProxy;
			containerPortal = 7A61DAF11BFBBBBD00EE9B2A /* Project object */;
			proxyType = 1;
			remoteGlobalIDString = 7A61DAF81BFBBBBD00EE9B2A;
			remoteInfo = PruebaGit;
		};
/* End PBXContainerItemProxy section */

/* Begin PBXFileReference section */
		7A61DAF91BFBBBBD00EE9B2A /* PruebaGit.app */ = {isa = PBXFileReference; explicitFileType = wrapper.application; includeInIndex = 0; path = PruebaGit.app; sourceTree = BUILT_PRODUCTS_DIR; };
		7A61DAFC1BFBBBBE00EE9B2A /* AppDelegate.swift */ = {isa = PBXFileReference; lastKnownFileType = sourcecode.swift; path = AppDelegate.swift; sourceTree = "<group>"; };
		7A61DAFE1BFBBBBE00EE9B2A /* ViewController.swift */ = {isa = PBXFileReference; lastKnownFileType = sourcecode.swift; path = ViewController.swift; sourceTree = "<group>"; };
		7A61DB011BFBBBBE00EE9B2A /* Base */ = {isa = PBXFileReference; lastKnownFileType = file.storyboard; name = Base; path = Base.lproj/Main.storyboard; sourceTree = "<group>"; };
		7A61DB031BFBBBBE00EE9B2A /* Assets.xcassets */ = {isa = PBXFileReference; lastKnownFileType = folder.assetcatalog; path = Assets.xcassets; sourceTree = "<group>"; };
		7A61DB061BFBBBBE00EE9B2A /* Base */ = {isa = PBXFileReference; lastKnownFileType = file.storyboard; name = Base; path = Base.lproj/LaunchScreen.storyboard; sourceTree = "<group>"; };
		7A61DB081BFBBBBE00EE9B2A /* Info.plist */ = {isa = PBXFileReference; lastKnownFileType = text.plist.xml; path = Info.plist; sourceTree = "<group>"; };
		7A61DB0D1BFBBBBE00EE9B2A /* PruebaGitTests.xctest */ = {isa = PBXFileReference; explicitFileType = wrapper.cfbundle; includeInIndex = 0; path = PruebaGitTests.xctest; sourceTree = BUILT_PRODUCTS_DIR; };
		7A61DB111BFBBBBE00EE9B2A /* PruebaGitTests.swift */ = {isa = PBXFileReference; lastKnownFileType = sourcecode.swift; path = PruebaGitTests.swift; sourceTree = "<group>"; };
		7A61DB131BFBBBBE00EE9B2A /* Info.plist */ = {isa = PBXFileReference; lastKnownFileType = text.plist.xml; path = Info.plist; sourceTree = "<group>"; };
		7A61DB181BFBBBBE00EE9B2A /* PruebaGitUITests.xctest */ = {isa = PBXFileReference; explicitFileType = wrapper.cfbundle; includeInIndex = 0; path = PruebaGitUITests.xctest; sourceTree = BUILT_PRODUCTS_DIR; };
		7A61DB1C1BFBBBBE00EE9B2A /* PruebaGitUITests.swift */ = {isa = PBXFileReference; lastKnownFileType = sourcecode.swift; path = PruebaGitUITests.swift; sourceTree = "<group>"; };
		7A61DB1E1BFBBBBE00EE9B2A /* Info.plist */ = {isa = PBXFileReference; lastKnownFileType = text.plist.xml; path = Info.plist; sourceTree = "<group>"; };
/* End PBXFileReference section */

/* Begin PBXFrameworksBuildPhase section */
		7A61DAF61BFBBBBD00EE9B2A /* Frameworks */ = {
			isa = PBXFrameworksBuildPhase;
			buildActionMask = 2147483647;
			files = (
			);
			runOnlyForDeploymentPostprocessing = 0;
		};
		7A61DB0A1BFBBBBE00EE9B2A /* Frameworks */ = {
			isa = PBXFrameworksBuildPhase;
			buildActionMask = 2147483647;
			files = (
			);
			runOnlyForDeploymentPostprocessing = 0;
		};
		7A61DB151BFBBBBE00EE9B2A /* Frameworks */ = {
			isa = PBXFrameworksBuildPhase;
			buildActionMask = 2147483647;
			files = (
			);
			runOnlyForDeploymentPostprocessing = 0;
		};
/* End PBXFrameworksBuildPhase section */

/* Begin PBXGroup section */
		7A61DAF01BFBBBBD00EE9B2A = {
			isa = PBXGroup;
			children = (
				7A61DAFB1BFBBBBD00EE9B2A /* PruebaGit */,
				7A61DB101BFBBBBE00EE9B2A /* PruebaGitTests */,
				7A61DB1B1BFBBBBE00EE9B2A /* PruebaGitUITests */,
				7A61DAFA1BFBBBBD00EE9B2A /* Products */,
			);
			sourceTree = "<group>";
		};
		7A61DAFA1BFBBBBD00EE9B2A /* Products */ = {
			isa = PBXGroup;
			children = (
				7A61DAF91BFBBBBD00EE9B2A /* PruebaGit.app */,
				7A61DB0D1BFBBBBE00EE9B2A /* PruebaGitTests.xctest */,
				7A61DB181BFBBBBE00EE9B2A /* PruebaGitUITests.xctest */,
			);
			name = Products;
			sourceTree = "<group>";
		};
		7A61DAFB1BFBBBBD00EE9B2A /* PruebaGit */ = {
			isa = PBXGroup;
			children = (
				7A61DAFC1BFBBBBE00EE9B2A /* AppDelegate.swift */,
				7A61DAFE1BFBBBBE00EE9B2A /* ViewController.swift */,
				7A61DB001BFBBBBE00EE9B2A /* Main.storyboard */,
				7A61DB031BFBBBBE00EE9B2A /* Assets.xcassets */,
				7A61DB051BFBBBBE00EE9B2A /* LaunchScreen.storyboard */,
				7A61DB081BFBBBBE00EE9B2A /* Info.plist */,
			);
			path = PruebaGit;
			sourceTree = "<group>";
		};
		7A61DB101BFBBBBE00EE9B2A /* PruebaGitTests */ = {
			isa = PBXGroup;
			children = (
				7A61DB111BFBBBBE00EE9B2A /* PruebaGitTests.swift */,
				7A61DB131BFBBBBE00EE9B2A /* Info.plist */,
			);
			path = PruebaGitTests;
			sourceTree = "<group>";
		};
		7A61DB1B1BFBBBBE00EE9B2A /* PruebaGitUITests */ = {
			isa = PBXGroup;
			children = (
				7A61DB1C1BFBBBBE00EE9B2A /* PruebaGitUITests.swift */,
				7A61DB1E1BFBBBBE00EE9B2A /* Info.plist */,
			);
			path = PruebaGitUITests;
			sourceTree = "<group>";
		};
/* End PBXGroup section */

/* Begin PBXNativeTarget section */
		7A61DAF81BFBBBBD00EE9B2A /* PruebaGit */ = {
			isa = PBXNativeTarget;
			buildConfigurationList = 7A61DB211BFBBBBE00EE9B2A /* Build configuration list for PBXNativeTarget "PruebaGit" */;
			buildPhases = (
				7A61DAF51BFBBBBD00EE9B2A /* Sources */,
				7A61DAF61BFBBBBD00EE9B2A /* Frameworks */,
				7A61DAF71BFBBBBD00EE9B2A /* Resources */,
			);
			buildRules = (
			);
			dependencies = (
			);
			name = PruebaGit;
			productName = PruebaGit;
			productReference = 7A61DAF91BFBBBBD00EE9B2A /* PruebaGit.app */;
			productType = "com.apple.product-type.application";
		};
		7A61DB0C1BFBBBBE00EE9B2A /* PruebaGitTests */ = {
			isa = PBXNativeTarget;
			buildConfigurationList = 7A61DB241BFBBBBE00EE9B2A /* Build configuration list for PBXNativeTarget "PruebaGitTests" */;
			buildPhases = (
				7A61DB091BFBBBBE00EE9B2A /* Sources */,
				7A61DB0A1BFBBBBE00EE9B2A /* Frameworks */,
				7A61DB0B1BFBBBBE00EE9B2A /* Resources */,
			);
			buildRules = (
			);
			dependencies = (
				7A61DB0F1BFBBBBE00EE9B2A /* PBXTargetDependency */,
			);
			name = PruebaGitTests;
			productName = PruebaGitTests;
			productReference = 7A61DB0D1BFBBBBE00EE9B2A /* PruebaGitTests.xctest */;
			productType = "com.apple.product-type.bundle.unit-test";
		};
		7A61DB171BFBBBBE00EE9B2A /* PruebaGitUITests */ = {
			isa = PBXNativeTarget;
			buildConfigurationList = 7A61DB271BFBBBBE00EE9B2A /* Build configuration list for PBXNativeTarget "PruebaGitUITests" */;
			buildPhases = (
				7A61DB141BFBBBBE00EE9B2A /* Sources */,
				7A61DB151BFBBBBE00EE9B2A /* Frameworks */,
				7A61DB161BFBBBBE00EE9B2A /* Resources */,
			);
			buildRules = (
			);
			dependencies = (
				7A61DB1A1BFBBBBE00EE9B2A /* PBXTargetDependency */,
			);
			name = PruebaGitUITests;
			productName = PruebaGitUITests;
			productReference = 7A61DB181BFBBBBE00EE9B2A /* PruebaGitUITests.xctest */;
			productType = "com.apple.product-type.bundle.ui-testing";
		};
/* End PBXNativeTarget section */

/* Begin PBXProject section */
		7A61DAF11BFBBBBD00EE9B2A /* Project object */ = {
			isa = PBXProject;
			attributes = {
				LastSwiftUpdateCheck = 0710;
				LastUpgradeCheck = 0710;
				ORGANIZATIONNAME = "Guillermo Adrian Rodriguez Barragan";
				TargetAttributes = {
					7A61DAF81BFBBBBD00EE9B2A = {
						CreatedOnToolsVersion = 7.1.1;
					};
					7A61DB0C1BFBBBBE00EE9B2A = {
						CreatedOnToolsVersion = 7.1.1;
						TestTargetID = 7A61DAF81BFBBBBD00EE9B2A;
					};
					7A61DB171BFBBBBE00EE9B2A = {
						CreatedOnToolsVersion = 7.1.1;
						TestTargetID = 7A61DAF81BFBBBBD00EE9B2A;
					};
				};
			};
			buildConfigurationList = 7A61DAF41BFBBBBD00EE9B2A /* Build configuration list for PBXProject "PruebaGit" */;
			compatibilityVersion = "Xcode 3.2";
			developmentRegion = English;
			hasScannedForEncodings = 0;
			knownRegions = (
				en,
				Base,
			);
			mainGroup = 7A61DAF01BFBBBBD00EE9B2A;
			productRefGroup = 7A61DAFA1BFBBBBD00EE9B2A /* Products */;
			projectDirPath = "";
			projectRoot = "";
			targets = (
				7A61DAF81BFBBBBD00EE9B2A /* PruebaGit */,
				7A61DB0C1BFBBBBE00EE9B2A /* PruebaGitTests */,
				7A61DB171BFBBBBE00EE9B2A /* PruebaGitUITests */,
			);
		};
/* End PBXProject section */

/* Begin PBXResourcesBuildPhase section */
		7A61DAF71BFBBBBD00EE9B2A /* Resources */ = {
			isa = PBXResourcesBuildPhase;
			buildActionMask = 2147483647;
			files = (
				7A61DB071BFBBBBE00EE9B2A /* LaunchScreen.storyboard in Resources */,
				7A61DB041BFBBBBE00EE9B2A /* Assets.xcassets in Resources */,
				7A61DB021BFBBBBE00EE9B2A /* Main.storyboard in Resources */,
			);
			runOnlyForDeploymentPostprocessing = 0;
		};
		7A61DB0B1BFBBBBE00EE9B2A /* Resources */ = {
			isa = PBXResourcesBuildPhase;
			buildActionMask = 2147483647;
			files = (
			);
			runOnlyForDeploymentPostprocessing = 0;
		};
		7A61DB161BFBBBBE00EE9B2A /* Resources */ = {
			isa = PBXResourcesBuildPhase;
			buildActionMask = 2147483647;
			files = (
			);
			runOnlyForDeploymentPostprocessing = 0;
		};
/* End PBXResourcesBuildPhase section */

/* Begin PBXSourcesBuildPhase section */
		7A61DAF51BFBBBBD00EE9B2A /* Sources */ = {
			isa = PBXSourcesBuildPhase;
			buildActionMask = 2147483647;
			files = (
				7A61DAFF1BFBBBBE00EE9B2A /* ViewController.swift in Sources */,
				7A61DAFD1BFBBBBE00EE9B2A /* AppDelegate.swift in Sources */,
			);
			runOnlyForDeploymentPostprocessing = 0;
		};
		7A61DB091BFBBBBE00EE9B2A /* Sources */ = {
			isa = PBXSourcesBuildPhase;
			buildActionMask = 2147483647;
			files = (
				7A61DB121BFBBBBE00EE9B2A /* PruebaGitTests.swift in Sources */,
			);
			runOnlyForDeploymentPostprocessing = 0;
		};
		7A61DB141BFBBBBE00EE9B2A /* Sources */ = {
			isa = PBXSourcesBuildPhase;
			buildActionMask = 2147483647;
			files = (
				7A61DB1D1BFBBBBE00EE9B2A /* PruebaGitUITests.swift in Sources */,
			);
			runOnlyForDeploymentPostprocessing = 0;
		};
/* End PBXSourcesBuildPhase section */

/* Begin PBXTargetDependency section */
		7A61DB0F1BFBBBBE00EE9B2A /* PBXTargetDependency */ = {
			isa = PBXTargetDependency;
			target = 7A61DAF81BFBBBBD00EE9B2A /* PruebaGit */;
			targetProxy = 7A61DB0E1BFBBBBE00EE9B2A /* PBXContainerItemProxy */;
		};
		7A61DB1A1BFBBBBE00EE9B2A /* PBXTargetDependency */ = {
			isa = PBXTargetDependency;
			target = 7A61DAF81BFBBBBD00EE9B2A /* PruebaGit */;
			targetProxy = 7A61DB191BFBBBBE00EE9B2A /* PBXContainerItemProxy */;
		};
/* End PBXTargetDependency section */

/* Begin PBXVariantGroup section */
		7A61DB001BFBBBBE00EE9B2A /* Main.storyboard */ = {
			isa = PBXVariantGroup;
			children = (
				7A61DB011BFBBBBE00EE9B2A /* Base */,
			);
			name = Main.storyboard;
			sourceTree = "<group>";
		};
		7A61DB051BFBBBBE00EE9B2A /* LaunchScreen.storyboard */ = {
			isa = PBXVariantGroup;
			children = (
				7A61DB061BFBBBBE00EE9B2A /* Base */,
			);
			name = LaunchScreen.storyboard;
			sourceTree = "<group>";
		};
/* End PBXVariantGroup section */

/* Begin XCBuildConfiguration section */
		7A61DB1F1BFBBBBE00EE9B2A /* Debug */ = {
			isa = XCBuildConfiguration;
			buildSettings = {
				ALWAYS_SEARCH_USER_PATHS = NO;
				CLANG_CXX_LANGUAGE_STANDARD = "gnu++0x";
				CLANG_CXX_LIBRARY = "libc++";
				CLANG_ENABLE_MODULES = YES;
				CLANG_ENABLE_OBJC_ARC = YES;
				CLANG_WARN_BOOL_CONVERSION = YES;
				CLANG_WARN_CONSTANT_CONVERSION = YES;
				CLANG_WARN_DIRECT_OBJC_ISA_USAGE = YES_ERROR;
				CLANG_WARN_EMPTY_BODY = YES;
				CLANG_WARN_ENUM_CONVERSION = YES;
				CLANG_WARN_INT_CONVERSION = YES;
				CLANG_WARN_OBJC_ROOT_CLASS = YES_ERROR;
				CLANG_WARN_UNREACHABLE_CODE = YES;
				CLANG_WARN__DUPLICATE_METHOD_MATCH = YES;
				"CODE_SIGN_IDENTITY[sdk=iphoneos*]" = "iPhone Developer";
				COPY_PHASE_STRIP = NO;
				DEBUG_INFORMATION_FORMAT = dwarf;
				ENABLE_STRICT_OBJC_MSGSEND = YES;
				ENABLE_TESTABILITY = YES;
				GCC_C_LANGUAGE_STANDARD = gnu99;
				GCC_DYNAMIC_NO_PIC = NO;
				GCC_NO_COMMON_BLOCKS = YES;
				GCC_OPTIMIZATION_LEVEL = 0;
				GCC_PREPROCESSOR_DEFINITIONS = (
					"DEBUG=1",
					"$(inherited)",
				);
				GCC_WARN_64_TO_32_BIT_CONVERSION = YES;
				GCC_WARN_ABOUT_RETURN_TYPE = YES_ERROR;
				GCC_WARN_UNDECLARED_SELECTOR = YES;
				GCC_WARN_UNINITIALIZED_AUTOS = YES_AGGRESSIVE;
				GCC_WARN_UNUSED_FUNCTION = YES;
				GCC_WARN_UNUSED_VARIABLE = YES;
				IPHONEOS_DEPLOYMENT_TARGET = 9.1;
				MTL_ENABLE_DEBUG_INFO = YES;
				ONLY_ACTIVE_ARCH = YES;
				SDKROOT = iphoneos;
				SWIFT_OPTIMIZATION_LEVEL = "-Onone";
			};
			name = Debug;
		};
		7A61DB201BFBBBBE00EE9B2A /* Release */ = {
			isa = XCBuildConfiguration;
			buildSettings = {
				ALWAYS_SEARCH_USER_PATHS = NO;
				CLANG_CXX_LANGUAGE_STANDARD = "gnu++0x";
				CLANG_CXX_LIBRARY = "libc++";
				CLANG_ENABLE_MODULES = YES;
				CLANG_ENABLE_OBJC_ARC = YES;
				CLANG_WARN_BOOL_CONVERSION = YES;
				CLANG_WARN_CONSTANT_CONVERSION = YES;
				CLANG_WARN_DIRECT_OBJC_ISA_USAGE = YES_ERROR;
				CLANG_WARN_EMPTY_BODY = YES;
				CLANG_WARN_ENUM_CONVERSION = YES;
				CLANG_WARN_INT_CONVERSION = YES;
				CLANG_WARN_OBJC_ROOT_CLASS = YES_ERROR;
				CLANG_WARN_UNREACHABLE_CODE = YES;
				CLANG_WARN__DUPLICATE_METHOD_MATCH = YES;
				"CODE_SIGN_IDENTITY[sdk=iphoneos*]" = "iPhone Developer";
				COPY_PHASE_STRIP = NO;
				DEBUG_INFORMATION_FORMAT = "dwarf-with-dsym";
				ENABLE_NS_ASSERTIONS = NO;
				ENABLE_STRICT_OBJC_MSGSEND = YES;
				GCC_C_LANGUAGE_STANDARD = gnu99;
				GCC_NO_COMMON_BLOCKS = YES;
				GCC_WARN_64_TO_32_BIT_CONVERSION = YES;
				GCC_WARN_ABOUT_RETURN_TYPE = YES_ERROR;
				GCC_WARN_UNDECLARED_SELECTOR = YES;
				GCC_WARN_UNINITIALIZED_AUTOS = YES_AGGRESSIVE;
				GCC_WARN_UNUSED_FUNCTION = YES;
				GCC_WARN_UNUSED_VARIABLE = YES;
				IPHONEOS_DEPLOYMENT_TARGET = 9.1;
				MTL_ENABLE_DEBUG_INFO = NO;
				SDKROOT = iphoneos;
				VALIDATE_PRODUCT = YES;
			};
			name = Release;
		};
		7A61DB221BFBBBBE00EE9B2A /* Debug */ = {
			isa = XCBuildConfiguration;
			buildSettings = {
				ASSETCATALOG_COMPILER_APPICON_NAME = AppIcon;
				INFOPLIST_FILE = PruebaGit/Info.plist;
				LD_RUNPATH_SEARCH_PATHS = "$(inherited) @executable_path/Frameworks";
				PRODUCT_BUNDLE_IDENTIFIER = Kinergy.PruebaGit;
				PRODUCT_NAME = "$(TARGET_NAME)";
			};
			name = Debug;
		};
		7A61DB231BFBBBBE00EE9B2A /* Release */ = {
			isa = XCBuildConfiguration;
			buildSettings = {
				ASSETCATALOG_COMPILER_APPICON_NAME = AppIcon;
				INFOPLIST_FILE = PruebaGit/Info.plist;
				LD_RUNPATH_SEARCH_PATHS = "$(inherited) @executable_path/Frameworks";
				PRODUCT_BUNDLE_IDENTIFIER = Kinergy.PruebaGit;
				PRODUCT_NAME = "$(TARGET_NAME)";
			};
			name = Release;
		};
		7A61DB251BFBBBBE00EE9B2A /* Debug */ = {
			isa = XCBuildConfiguration;
			buildSettings = {
				BUNDLE_LOADER = "$(TEST_HOST)";
				INFOPLIST_FILE = PruebaGitTests/Info.plist;
				LD_RUNPATH_SEARCH_PATHS = "$(inherited) @executable_path/Frameworks @loader_path/Frameworks";
				PRODUCT_BUNDLE_IDENTIFIER = Kinergy.PruebaGitTests;
				PRODUCT_NAME = "$(TARGET_NAME)";
				TEST_HOST = "$(BUILT_PRODUCTS_DIR)/PruebaGit.app/PruebaGit";
			};
			name = Debug;
		};
		7A61DB261BFBBBBE00EE9B2A /* Release */ = {
			isa = XCBuildConfiguration;
			buildSettings = {
				BUNDLE_LOADER = "$(TEST_HOST)";
				INFOPLIST_FILE = PruebaGitTests/Info.plist;
				LD_RUNPATH_SEARCH_PATHS = "$(inherited) @executable_path/Frameworks @loader_path/Frameworks";
				PRODUCT_BUNDLE_IDENTIFIER = Kinergy.PruebaGitTests;
				PRODUCT_NAME = "$(TARGET_NAME)";
				TEST_HOST = "$(BUILT_PRODUCTS_DIR)/PruebaGit.app/PruebaGit";
			};
			name = Release;
		};
		7A61DB281BFBBBBE00EE9B2A /* Debug */ = {
			isa = XCBuildConfiguration;
			buildSettings = {
				INFOPLIST_FILE = PruebaGitUITests/Info.plist;
				LD_RUNPATH_SEARCH_PATHS = "$(inherited) @executable_path/Frameworks @loader_path/Frameworks";
				PRODUCT_BUNDLE_IDENTIFIER = Kinergy.PruebaGitUITests;
				PRODUCT_NAME = "$(TARGET_NAME)";
				TEST_TARGET_NAME = PruebaGit;
				USES_XCTRUNNER = YES;
			};
			name = Debug;
		};
		7A61DB291BFBBBBE00EE9B2A /* Release */ = {
			isa = XCBuildConfiguration;
			buildSettings = {
				INFOPLIST_FILE = PruebaGitUITests/Info.plist;
				LD_RUNPATH_SEARCH_PATHS = "$(inherited) @executable_path/Frameworks @loader_path/Frameworks";
				PRODUCT_BUNDLE_IDENTIFIER = Kinergy.PruebaGitUITests;
				PRODUCT_NAME = "$(TARGET_NAME)";
				TEST_TARGET_NAME = PruebaGit;
				USES_XCTRUNNER = YES;
			};
			name = Release;
		};
/* End XCBuildConfiguration section */

/* Begin XCConfigurationList section */
		7A61DAF41BFBBBBD00EE9B2A /* Build configuration list for PBXProject "PruebaGit" */ = {
			isa = XCConfigurationList;
			buildConfigurations = (
				7A61DB1F1BFBBBBE00EE9B2A /* Debug */,
				7A61DB201BFBBBBE00EE9B2A /* Release */,
			);
			defaultConfigurationIsVisible = 0;
			defaultConfigurationName = Release;
		};
		7A61DB211BFBBBBE00EE9B2A /* Build configuration list for PBXNativeTarget "PruebaGit" */ = {
			isa = XCConfigurationList;
			buildConfigurations = (
				7A61DB221BFBBBBE00EE9B2A /* Debug */,
				7A61DB231BFBBBBE00EE9B2A /* Release */,
			);
			defaultConfigurationIsVisible = 0;
		};
		7A61DB241BFBBBBE00EE9B2A /* Build configuration list for PBXNativeTarget "PruebaGitTests" */ = {
			isa = XCConfigurationList;
			buildConfigurations = (
				7A61DB251BFBBBBE00EE9B2A /* Debug */,
				7A61DB261BFBBBBE00EE9B2A /* Release */,
			);
			defaultConfigurationIsVisible = 0;
		};
		7A61DB271BFBBBBE00EE9B2A /* Build configuration list for PBXNativeTarget "PruebaGitUITests" */ = {
			isa = XCConfigurationList;
			buildConfigurations = (
				7A61DB281BFBBBBE00EE9B2A /* Debug */,
				7A61DB291BFBBBBE00EE9B2A /* Release */,
			);
			defaultConfigurationIsVisible = 0;
		};
/* End XCConfigurationList section */
	};
	rootObject = 7A61DAF11BFBBBBD00EE9B2A /* Project object */;
}
